PODS:
  - YWKeyboardKit (0.1.1):
    - YWKeyboardKit/IdCard (= 0.1.1)
    - YWKeyboardKit/InputToolbar (= 0.1.1)
    - YWKeyboardKit/KeyboardButton (= 0.1.1)
    - YWKeyboardKit/LicensePlate (= 0.1.1)
    - YWKeyboardKit/TurtleBezierPath (= 0.1.1)
  - YWKeyboardKit/IdCard (0.1.1):
    - YWKeyboardKit/KeyboardButton
  - YWKeyboardKit/InputToolbar (0.1.1)
  - YWKeyboardKit/KeyboardButton (0.1.1)
  - YWKeyboardKit/LicensePlate (0.1.1):
    - YWKeyboardKit/KeyboardButton
    - YWKeyboardKit/TurtleBezierPath
  - YWKeyboardKit/TurtleBezierPath (0.1.1)

DEPENDENCIES:
  - YWKeyboardKit (from `../`)

EXTERNAL SOURCES:
  YWKeyboardKit:
    :path: "../"

SPEC CHECKSUMS:
  YWKeyboardKit: 780b9240718ae0362a0ccfb4c2f2af805e302688

PODFILE CHECKSUM: c131d095bbb8167d868b0d6613538e7915fc79da

COCOAPODS: 1.10.0
