PODS:
  - YWKeyboardKit (0.1.7):
    - YWKeyboardKit/IdCard (= 0.1.7)
    - YWKeyboardKit/InputToolbar (= 0.1.7)
    - YWKeyboardKit/KeyboardButton (= 0.1.7)
    - YWKeyboardKit/LicensePlate (= 0.1.7)
    - YWKeyboardKit/NumPad (= 0.1.7)
    - YWKeyboardKit/NumSpecChara (= 0.1.7)
    - YWKeyboardKit/TurtleBezierPath (= 0.1.7)
  - YWKeyboardKit/IdCard (0.1.7):
    - YWKeyboardKit/KeyboardButton
  - YWKeyboardKit/InputToolbar (0.1.7)
  - YWKeyboardKit/KeyboardButton (0.1.7):
    - YWKeyboardKit/TurtleBezierPath
  - YWKeyboardKit/LicensePlate (0.1.7):
    - YWKeyboardKit/KeyboardButton
  - YWKeyboardKit/NumPad (0.1.7):
    - YWKeyboardKit/KeyboardButton
  - YWKeyboardKit/NumSpecChara (0.1.7):
    - YWKeyboardKit/KeyboardButton
  - YWKeyboardKit/TurtleBezierPath (0.1.7)

DEPENDENCIES:
  - YWKeyboardKit (from `../`)

EXTERNAL SOURCES:
  YWKeyboardKit:
    :path: "../"

SPEC CHECKSUMS:
  YWKeyboardKit: 07911a530e3723970de8139a6293d9b6094bb0b6

PODFILE CHECKSUM: 33d8266cb882b1986fd31453427bfa69bfb4315c

COCOAPODS: 1.10.0
