PODS:
  - YWKeyboardKit (0.1.4):
    - YWKeyboardKit/IdCard (= 0.1.4)
    - YWKeyboardKit/InputToolbar (= 0.1.4)
    - YWKeyboardKit/KeyboardButton (= 0.1.4)
    - YWKeyboardKit/LicensePlate (= 0.1.4)
    - YWKeyboardKit/NumPad (= 0.1.4)
    - YWKeyboardKit/TurtleBezierPath (= 0.1.4)
  - YWKeyboardKit/IdCard (0.1.4):
    - YWKeyboardKit/KeyboardButton
  - YWKeyboardKit/InputToolbar (0.1.4)
  - YWKeyboardKit/KeyboardButton (0.1.4):
    - YWKeyboardKit/TurtleBezierPath
  - YWKeyboardKit/LicensePlate (0.1.4):
    - YWKeyboardKit/KeyboardButton
  - YWKeyboardKit/NumPad (0.1.4):
    - YWKeyboardKit/KeyboardButton
  - YWKeyboardKit/TurtleBezierPath (0.1.4)

DEPENDENCIES:
  - YWKeyboardKit (from `../`)

EXTERNAL SOURCES:
  YWKeyboardKit:
    :path: "../"

SPEC CHECKSUMS:
  YWKeyboardKit: 1518bb45da59c194dd15d36ef11b432c26b4714f

PODFILE CHECKSUM: 3460ca4dc3c84d6cb081da0e7d3560287462faa7

COCOAPODS: 1.10.0
